
Microsoft Visual Studio Solution File, Format Version 12.00
# Visual Studio Version 17
VisualStudioVersion = 17.11.35327.3
MinimumVisualStudioVersion = 10.0.40219.1
Project("{9A19103F-16F7-4668-BE54-9A1E7A4F7556}") = "GroepswerkTaak1", "GroepswerkTaak1\GroepswerkTaak1.csproj", "{EAA40FB6-5708-49CB-82F4-175CBA299259}"
EndProject
Project("{9A19103F-16F7-4668-BE54-9A1E7A4F7556}") = "GroepswerkTaak1.DAL", "GroepswerkTaak1.DAL\GroepswerkTaak1.DAL.csproj", "{F64DF7EF-6E3D-44FE-AB82-1D67E33E3606}"
EndProject
Project("{9A19103F-16F7-4668-BE54-9A1E7A4F7556}") = "GroepswerkTaak1.Model", "GroepswerkTaak1.Model\GroepswerkTaak1.Model.csproj", "{3D160634-6631-4CCE-9719-7A565475B5CE}"
EndProject
Project("{9A19103F-16F7-4668-BE54-9A1E7A4F7556}") = "GroepswerkTaak1.CustomControls", "GroepswerkTaak1.CustomControls\GroepswerkTaak1.CustomControls.csproj", "{27ED8D63-E2CD-4059-B0DE-EE67D8D62A42}"
EndProject
Project("{FAE04EC0-301F-11D3-BF4B-00C04F79EFBC}") = "Common", "Common\Common.csproj", "{A577E56C-B7F0-43DC-8489-A87EAF4698D4}"
EndProject
Global
	GlobalSection(SolutionConfigurationPlatforms) = preSolution
		Debug|Any CPU = Debug|Any CPU
		Release|Any CPU = Release|Any CPU
	EndGlobalSection
	GlobalSection(ProjectConfigurationPlatforms) = postSolution
		{EAA40FB6-5708-49CB-82F4-175CBA299259}.Debug|Any CPU.ActiveCfg = Debug|Any CPU
		{EAA40FB6-5708-49CB-82F4-175CBA299259}.Debug|Any CPU.Build.0 = Debug|Any CPU
		{EAA40FB6-5708-49CB-82F4-175CBA299259}.Release|Any CPU.ActiveCfg = Release|Any CPU
		{EAA40FB6-5708-49CB-82F4-175CBA299259}.Release|Any CPU.Build.0 = Release|Any CPU
		{F64DF7EF-6E3D-44FE-AB82-1D67E33E3606}.Debug|Any CPU.ActiveCfg = Debug|Any CPU
		{F64DF7EF-6E3D-44FE-AB82-1D67E33E3606}.Debug|Any CPU.Build.0 = Debug|Any CPU
		{F64DF7EF-6E3D-44FE-AB82-1D67E33E3606}.Release|Any CPU.ActiveCfg = Release|Any CPU
		{F64DF7EF-6E3D-44FE-AB82-1D67E33E3606}.Release|Any CPU.Build.0 = Release|Any CPU
		{3D160634-6631-4CCE-9719-7A565475B5CE}.Debug|Any CPU.ActiveCfg = Debug|Any CPU
		{3D160634-6631-4CCE-9719-7A565475B5CE}.Debug|Any CPU.Build.0 = Debug|Any CPU
		{3D160634-6631-4CCE-9719-7A565475B5CE}.Release|Any CPU.ActiveCfg = Release|Any CPU
		{3D160634-6631-4CCE-9719-7A565475B5CE}.Release|Any CPU.Build.0 = Release|Any CPU
		{27ED8D63-E2CD-4059-B0DE-EE67D8D62A42}.Debug|Any CPU.ActiveCfg = Debug|Any CPU
		{27ED8D63-E2CD-4059-B0DE-EE67D8D62A42}.Debug|Any CPU.Build.0 = Debug|Any CPU
		{27ED8D63-E2CD-4059-B0DE-EE67D8D62A42}.Release|Any CPU.ActiveCfg = Release|Any CPU
		{27ED8D63-E2CD-4059-B0DE-EE67D8D62A42}.Release|Any CPU.Build.0 = Release|Any CPU
		{A577E56C-B7F0-43DC-8489-A87EAF4698D4}.Debug|Any CPU.ActiveCfg = Debug|Any CPU
		{A577E56C-B7F0-43DC-8489-A87EAF4698D4}.Debug|Any CPU.Build.0 = Debug|Any CPU
		{A577E56C-B7F0-43DC-8489-A87EAF4698D4}.Release|Any CPU.ActiveCfg = Release|Any CPU
		{A577E56C-B7F0-43DC-8489-A87EAF4698D4}.Release|Any CPU.Build.0 = Release|Any CPU
	EndGlobalSection
	GlobalSection(SolutionProperties) = preSolution
		HideSolutionNode = FALSE
	EndGlobalSection
	GlobalSection(ExtensibilityGlobals) = postSolution
		SolutionGuid = {FFF7FFDE-AEE6-4D79-993D-EE1A3C381974}
	EndGlobalSection
EndGlobal
